
Microsoft Visual Studio Solution File, Format Version 12.00
# Visual Studio Version 17
VisualStudioVersion = 17.13.35913.81
MinimumVisualStudioVersion = 10.0.40219.1
Project("{FAE04EC0-301F-11D3-BF4B-00C04F79EFBC}") = "HomeOwnerApplication", "HomeOwnerApplication\HomeOwnerApplication.csproj", "{AE19AC8C-5DC3-4701-8BB6-23363615F8FE}"
EndProject
Global
	GlobalSection(SolutionConfigurationPlatforms) = preSolution
		Debug|Any CPU = Debug|Any CPU
		Release|Any CPU = Release|Any CPU
	EndGlobalSection
	GlobalSection(ProjectConfigurationPlatforms) = postSolution
		{AE19AC8C-5DC3-4701-8BB6-23363615F8FE}.Debug|Any CPU.ActiveCfg = Debug|Any CPU
		{AE19AC8C-5DC3-4701-8BB6-23363615F8FE}.Debug|Any CPU.Build.0 = Debug|Any CPU
		{AE19AC8C-5DC3-4701-8BB6-23363615F8FE}.Release|Any CPU.ActiveCfg = Release|Any CPU
		{AE19AC8C-5DC3-4701-8BB6-23363615F8FE}.Release|Any CPU.Build.0 = Release|Any CPU
	EndGlobalSection
	GlobalSection(SolutionProperties) = preSolution
		HideSolutionNode = FALSE
	EndGlobalSection
	GlobalSection(ExtensibilityGlobals) = postSolution
		SolutionGuid = {261D2461-64E8-45CB-89CD-D5802D889B01}
	EndGlobalSection
EndGlobal
